
Microsoft Visual Studio Solution File, Format Version 12.00
# Visual Studio Version 17
VisualStudioVersion = 17.13.35919.96 d17.13
MinimumVisualStudioVersion = 10.0.40219.1
Project("{FAE04EC0-301F-11D3-BF4B-00C04F79EFBC}") = "NKShop", "NKShop\NKShop.csproj", "{28F9E3B0-A1CC-4DDE-B978-4B6F8A513262}"
EndProject
Global
	GlobalSection(SolutionConfigurationPlatforms) = preSolution
		Debug|Any CPU = Debug|Any CPU
		Release|Any CPU = Release|Any CPU
	EndGlobalSection
	GlobalSection(ProjectConfigurationPlatforms) = postSolution
		{28F9E3B0-A1CC-4DDE-B978-4B6F8A513262}.Debug|Any CPU.ActiveCfg = Debug|Any CPU
		{28F9E3B0-A1CC-4DDE-B978-4B6F8A513262}.Debug|Any CPU.Build.0 = Debug|Any CPU
		{28F9E3B0-A1CC-4DDE-B978-4B6F8A513262}.Release|Any CPU.ActiveCfg = Release|Any CPU
		{28F9E3B0-A1CC-4DDE-B978-4B6F8A513262}.Release|Any CPU.Build.0 = Release|Any CPU
	EndGlobalSection
	GlobalSection(SolutionProperties) = preSolution
		HideSolutionNode = FALSE
	EndGlobalSection
	GlobalSection(ExtensibilityGlobals) = postSolution
		SolutionGuid = {3566D5B2-E82E-4DE8-A002-017EFFB6D60E}
	EndGlobalSection
EndGlobal
